
Microsoft Visual Studio Solution File, Format Version 12.00
# Visual Studio Version 17
VisualStudioVersion = 17.12.35527.113
MinimumVisualStudioVersion = 10.0.40219.1
Project("{9A19103F-16F7-4668-BE54-9A1E7A4F7556}") = "Rendu30mars", "RENDU30mars\Rendu30mars.csproj", "{BF218A08-621A-46B4-A17E-254AF2A1CED1}"
EndProject
Project("{FAE04EC0-301F-11D3-BF4B-00C04F79EFBC}") = "Unitaire30Mars", "Unitaire30Mars\Unitaire30Mars.csproj", "{088BFB3A-9C4B-4F42-81CB-719779D81FF1}"
EndProject
Global
	GlobalSection(SolutionConfigurationPlatforms) = preSolution
		Debug|Any CPU = Debug|Any CPU
		Release|Any CPU = Release|Any CPU
	EndGlobalSection
	GlobalSection(ProjectConfigurationPlatforms) = postSolution
		{BF218A08-621A-46B4-A17E-254AF2A1CED1}.Debug|Any CPU.ActiveCfg = Debug|Any CPU
		{BF218A08-621A-46B4-A17E-254AF2A1CED1}.Debug|Any CPU.Build.0 = Debug|Any CPU
		{BF218A08-621A-46B4-A17E-254AF2A1CED1}.Release|Any CPU.ActiveCfg = Release|Any CPU
		{BF218A08-621A-46B4-A17E-254AF2A1CED1}.Release|Any CPU.Build.0 = Release|Any CPU
		{088BFB3A-9C4B-4F42-81CB-719779D81FF1}.Debug|Any CPU.ActiveCfg = Debug|Any CPU
		{088BFB3A-9C4B-4F42-81CB-719779D81FF1}.Debug|Any CPU.Build.0 = Debug|Any CPU
		{088BFB3A-9C4B-4F42-81CB-719779D81FF1}.Release|Any CPU.ActiveCfg = Release|Any CPU
		{088BFB3A-9C4B-4F42-81CB-719779D81FF1}.Release|Any CPU.Build.0 = Release|Any CPU
	EndGlobalSection
	GlobalSection(SolutionProperties) = preSolution
		HideSolutionNode = FALSE
	EndGlobalSection
	GlobalSection(ExtensibilityGlobals) = postSolution
		SolutionGuid = {361B388D-DB24-499E-9BD1-F52B345E31B4}
	EndGlobalSection
EndGlobal
